
Microsoft Visual Studio Solution File, Format Version 12.00
# Visual Studio 2013
VisualStudioVersion = 12.0.21005.1
MinimumVisualStudioVersion = 10.0.40219.1
Project("{FAE04EC0-301F-11D3-BF4B-00C04F79EFBC}") = "Proto3", "Proto3\Proto3.csproj", "{D9DF94DB-D6AC-4F0A-899E-14C8454DCFED}"
EndProject
Project("{FAE04EC0-301F-11D3-BF4B-00C04F79EFBC}") = "Proto3Content", "Proto3Content\Proto3Content\Proto3Content.csproj", "{F34DD259-B34B-4BF0-9980-23F8F84C9D9E}"
EndProject
Project("{FAE04EC0-301F-11D3-BF4B-00C04F79EFBC}") = "Proto3ContentContent", "Proto3Content\Proto3ContentContent\Proto3ContentContent.contentproj", "{3FE78260-0116-4B22-A6C2-CF130AEA1690}"
EndProject
Global
	GlobalSection(SolutionConfigurationPlatforms) = preSolution
		Android|Any CPU = Android|Any CPU
		Android|Mixed Platforms = Android|Mixed Platforms
		Android|x86 = Android|x86
		Debug|Any CPU = Debug|Any CPU
		Debug|Mixed Platforms = Debug|Mixed Platforms
		Debug|x86 = Debug|x86
		iOS|Any CPU = iOS|Any CPU
		iOS|Mixed Platforms = iOS|Mixed Platforms
		iOS|x86 = iOS|x86
		Linux|Any CPU = Linux|Any CPU
		Linux|Mixed Platforms = Linux|Mixed Platforms
		Linux|x86 = Linux|x86
		OSX|Any CPU = OSX|Any CPU
		OSX|Mixed Platforms = OSX|Mixed Platforms
		OSX|x86 = OSX|x86
		PSM|Any CPU = PSM|Any CPU
		PSM|Mixed Platforms = PSM|Mixed Platforms
		PSM|x86 = PSM|x86
		Release|Any CPU = Release|Any CPU
		Release|Mixed Platforms = Release|Mixed Platforms
		Release|x86 = Release|x86
		Windows|Any CPU = Windows|Any CPU
		Windows|Mixed Platforms = Windows|Mixed Platforms
		Windows|x86 = Windows|x86
		Windows8|Any CPU = Windows8|Any CPU
		Windows8|Mixed Platforms = Windows8|Mixed Platforms
		Windows8|x86 = Windows8|x86
	EndGlobalSection
	GlobalSection(ProjectConfigurationPlatforms) = postSolution
		{D9DF94DB-D6AC-4F0A-899E-14C8454DCFED}.Android|Any CPU.ActiveCfg = Release|x86
		{D9DF94DB-D6AC-4F0A-899E-14C8454DCFED}.Android|Mixed Platforms.ActiveCfg = Release|x86
		{D9DF94DB-D6AC-4F0A-899E-14C8454DCFED}.Android|Mixed Platforms.Build.0 = Release|x86
		{D9DF94DB-D6AC-4F0A-899E-14C8454DCFED}.Android|x86.ActiveCfg = Release|x86
		{D9DF94DB-D6AC-4F0A-899E-14C8454DCFED}.Android|x86.Build.0 = Release|x86
		{D9DF94DB-D6AC-4F0A-899E-14C8454DCFED}.Debug|Any CPU.ActiveCfg = Debug|x86
		{D9DF94DB-D6AC-4F0A-899E-14C8454DCFED}.Debug|Mixed Platforms.ActiveCfg = Debug|x86
		{D9DF94DB-D6AC-4F0A-899E-14C8454DCFED}.Debug|Mixed Platforms.Build.0 = Debug|x86
		{D9DF94DB-D6AC-4F0A-899E-14C8454DCFED}.Debug|x86.ActiveCfg = Debug|x86
		{D9DF94DB-D6AC-4F0A-899E-14C8454DCFED}.Debug|x86.Build.0 = Debug|x86
		{D9DF94DB-D6AC-4F0A-899E-14C8454DCFED}.iOS|Any CPU.ActiveCfg = Release|x86
		{D9DF94DB-D6AC-4F0A-899E-14C8454DCFED}.iOS|Mixed Platforms.ActiveCfg = Release|x86
		{D9DF94DB-D6AC-4F0A-899E-14C8454DCFED}.iOS|Mixed Platforms.Build.0 = Release|x86
		{D9DF94DB-D6AC-4F0A-899E-14C8454DCFED}.iOS|x86.ActiveCfg = Release|x86
		{D9DF94DB-D6AC-4F0A-899E-14C8454DCFED}.iOS|x86.Build.0 = Release|x86
		{D9DF94DB-D6AC-4F0A-899E-14C8454DCFED}.Linux|Any CPU.ActiveCfg = Release|x86
		{D9DF94DB-D6AC-4F0A-899E-14C8454DCFED}.Linux|Mixed Platforms.ActiveCfg = Release|x86
		{D9DF94DB-D6AC-4F0A-899E-14C8454DCFED}.Linux|Mixed Platforms.Build.0 = Release|x86
		{D9DF94DB-D6AC-4F0A-899E-14C8454DCFED}.Linux|x86.ActiveCfg = Release|x86
		{D9DF94DB-D6AC-4F0A-899E-14C8454DCFED}.Linux|x86.Build.0 = Release|x86
		{D9DF94DB-D6AC-4F0A-899E-14C8454DCFED}.OSX|Any CPU.ActiveCfg = Release|x86
		{D9DF94DB-D6AC-4F0A-899E-14C8454DCFED}.OSX|Mixed Platforms.ActiveCfg = Release|x86
		{D9DF94DB-D6AC-4F0A-899E-14C8454DCFED}.OSX|Mixed Platforms.Build.0 = Release|x86
		{D9DF94DB-D6AC-4F0A-899E-14C8454DCFED}.OSX|x86.ActiveCfg = Release|x86
		{D9DF94DB-D6AC-4F0A-899E-14C8454DCFED}.OSX|x86.Build.0 = Release|x86
		{D9DF94DB-D6AC-4F0A-899E-14C8454DCFED}.PSM|Any CPU.ActiveCfg = Release|x86
		{D9DF94DB-D6AC-4F0A-899E-14C8454DCFED}.PSM|Mixed Platforms.ActiveCfg = Release|x86
		{D9DF94DB-D6AC-4F0A-899E-14C8454DCFED}.PSM|Mixed Platforms.Build.0 = Release|x86
		{D9DF94DB-D6AC-4F0A-899E-14C8454DCFED}.PSM|x86.ActiveCfg = Release|x86
		{D9DF94DB-D6AC-4F0A-899E-14C8454DCFED}.PSM|x86.Build.0 = Release|x86
		{D9DF94DB-D6AC-4F0A-899E-14C8454DCFED}.Release|Any CPU.ActiveCfg = Release|x86
		{D9DF94DB-D6AC-4F0A-899E-14C8454DCFED}.Release|Mixed Platforms.ActiveCfg = Release|x86
		{D9DF94DB-D6AC-4F0A-899E-14C8454DCFED}.Release|Mixed Platforms.Build.0 = Release|x86
		{D9DF94DB-D6AC-4F0A-899E-14C8454DCFED}.Release|x86.ActiveCfg = Release|x86
		{D9DF94DB-D6AC-4F0A-899E-14C8454DCFED}.Release|x86.Build.0 = Release|x86
		{D9DF94DB-D6AC-4F0A-899E-14C8454DCFED}.Windows|Any CPU.ActiveCfg = Release|x86
		{D9DF94DB-D6AC-4F0A-899E-14C8454DCFED}.Windows|Mixed Platforms.ActiveCfg = Release|x86
		{D9DF94DB-D6AC-4F0A-899E-14C8454DCFED}.Windows|Mixed Platforms.Build.0 = Release|x86
		{D9DF94DB-D6AC-4F0A-899E-14C8454DCFED}.Windows|x86.ActiveCfg = Release|x86
		{D9DF94DB-D6AC-4F0A-899E-14C8454DCFED}.Windows|x86.Build.0 = Release|x86
		{D9DF94DB-D6AC-4F0A-899E-14C8454DCFED}.Windows8|Any CPU.ActiveCfg = Release|x86
		{D9DF94DB-D6AC-4F0A-899E-14C8454DCFED}.Windows8|Mixed Platforms.ActiveCfg = Release|x86
		{D9DF94DB-D6AC-4F0A-899E-14C8454DCFED}.Windows8|Mixed Platforms.Build.0 = Release|x86
		{D9DF94DB-D6AC-4F0A-899E-14C8454DCFED}.Windows8|x86.ActiveCfg = Release|x86
		{D9DF94DB-D6AC-4F0A-899E-14C8454DCFED}.Windows8|x86.Build.0 = Release|x86
		{F34DD259-B34B-4BF0-9980-23F8F84C9D9E}.Android|Any CPU.ActiveCfg = Android|Any CPU
		{F34DD259-B34B-4BF0-9980-23F8F84C9D9E}.Android|Any CPU.Build.0 = Android|Any CPU
		{F34DD259-B34B-4BF0-9980-23F8F84C9D9E}.Android|Mixed Platforms.ActiveCfg = Android|Any CPU
		{F34DD259-B34B-4BF0-9980-23F8F84C9D9E}.Android|Mixed Platforms.Build.0 = Android|Any CPU
		{F34DD259-B34B-4BF0-9980-23F8F84C9D9E}.Android|x86.ActiveCfg = Android|Any CPU
		{F34DD259-B34B-4BF0-9980-23F8F84C9D9E}.Debug|Any CPU.ActiveCfg = PSM|Any CPU
		{F34DD259-B34B-4BF0-9980-23F8F84C9D9E}.Debug|Any CPU.Build.0 = PSM|Any CPU
		{F34DD259-B34B-4BF0-9980-23F8F84C9D9E}.Debug|Mixed Platforms.ActiveCfg = PSM|Any CPU
		{F34DD259-B34B-4BF0-9980-23F8F84C9D9E}.Debug|Mixed Platforms.Build.0 = PSM|Any CPU
		{F34DD259-B34B-4BF0-9980-23F8F84C9D9E}.Debug|x86.ActiveCfg = PSM|Any CPU
		{F34DD259-B34B-4BF0-9980-23F8F84C9D9E}.iOS|Any CPU.ActiveCfg = iOS|Any CPU
		{F34DD259-B34B-4BF0-9980-23F8F84C9D9E}.iOS|Any CPU.Build.0 = iOS|Any CPU
		{F34DD259-B34B-4BF0-9980-23F8F84C9D9E}.iOS|Mixed Platforms.ActiveCfg = iOS|Any CPU
		{F34DD259-B34B-4BF0-9980-23F8F84C9D9E}.iOS|Mixed Platforms.Build.0 = iOS|Any CPU
		{F34DD259-B34B-4BF0-9980-23F8F84C9D9E}.iOS|x86.ActiveCfg = iOS|Any CPU
		{F34DD259-B34B-4BF0-9980-23F8F84C9D9E}.Linux|Any CPU.ActiveCfg = Linux|Any CPU
		{F34DD259-B34B-4BF0-9980-23F8F84C9D9E}.Linux|Any CPU.Build.0 = Linux|Any CPU
		{F34DD259-B34B-4BF0-9980-23F8F84C9D9E}.Linux|Mixed Platforms.ActiveCfg = Linux|Any CPU
		{F34DD259-B34B-4BF0-9980-23F8F84C9D9E}.Linux|Mixed Platforms.Build.0 = Linux|Any CPU
		{F34DD259-B34B-4BF0-9980-23F8F84C9D9E}.Linux|x86.ActiveCfg = Linux|Any CPU
		{F34DD259-B34B-4BF0-9980-23F8F84C9D9E}.OSX|Any CPU.ActiveCfg = OSX|Any CPU
		{F34DD259-B34B-4BF0-9980-23F8F84C9D9E}.OSX|Any CPU.Build.0 = OSX|Any CPU
		{F34DD259-B34B-4BF0-9980-23F8F84C9D9E}.OSX|Mixed Platforms.ActiveCfg = OSX|Any CPU
		{F34DD259-B34B-4BF0-9980-23F8F84C9D9E}.OSX|Mixed Platforms.Build.0 = OSX|Any CPU
		{F34DD259-B34B-4BF0-9980-23F8F84C9D9E}.OSX|x86.ActiveCfg = OSX|Any CPU
		{F34DD259-B34B-4BF0-9980-23F8F84C9D9E}.PSM|Any CPU.ActiveCfg = PSM|Any CPU
		{F34DD259-B34B-4BF0-9980-23F8F84C9D9E}.PSM|Any CPU.Build.0 = PSM|Any CPU
		{F34DD259-B34B-4BF0-9980-23F8F84C9D9E}.PSM|Mixed Platforms.ActiveCfg = PSM|Any CPU
		{F34DD259-B34B-4BF0-9980-23F8F84C9D9E}.PSM|Mixed Platforms.Build.0 = PSM|Any CPU
		{F34DD259-B34B-4BF0-9980-23F8F84C9D9E}.PSM|x86.ActiveCfg = PSM|Any CPU
		{F34DD259-B34B-4BF0-9980-23F8F84C9D9E}.Release|Any CPU.ActiveCfg = PSM|Any CPU
		{F34DD259-B34B-4BF0-9980-23F8F84C9D9E}.Release|Any CPU.Build.0 = PSM|Any CPU
		{F34DD259-B34B-4BF0-9980-23F8F84C9D9E}.Release|Mixed Platforms.ActiveCfg = PSM|Any CPU
		{F34DD259-B34B-4BF0-9980-23F8F84C9D9E}.Release|Mixed Platforms.Build.0 = PSM|Any CPU
		{F34DD259-B34B-4BF0-9980-23F8F84C9D9E}.Release|x86.ActiveCfg = PSM|Any CPU
		{F34DD259-B34B-4BF0-9980-23F8F84C9D9E}.Windows|Any CPU.ActiveCfg = Windows|Any CPU
		{F34DD259-B34B-4BF0-9980-23F8F84C9D9E}.Windows|Any CPU.Build.0 = Windows|Any CPU
		{F34DD259-B34B-4BF0-9980-23F8F84C9D9E}.Windows|Mixed Platforms.ActiveCfg = Windows|Any CPU
		{F34DD259-B34B-4BF0-9980-23F8F84C9D9E}.Windows|Mixed Platforms.Build.0 = Windows|Any CPU
		{F34DD259-B34B-4BF0-9980-23F8F84C9D9E}.Windows|x86.ActiveCfg = Windows|Any CPU
		{F34DD259-B34B-4BF0-9980-23F8F84C9D9E}.Windows8|Any CPU.ActiveCfg = Windows8|Any CPU
		{F34DD259-B34B-4BF0-9980-23F8F84C9D9E}.Windows8|Any CPU.Build.0 = Windows8|Any CPU
		{F34DD259-B34B-4BF0-9980-23F8F84C9D9E}.Windows8|Mixed Platforms.ActiveCfg = Windows8|Any CPU
		{F34DD259-B34B-4BF0-9980-23F8F84C9D9E}.Windows8|Mixed Platforms.Build.0 = Windows8|Any CPU
		{F34DD259-B34B-4BF0-9980-23F8F84C9D9E}.Windows8|x86.ActiveCfg = Windows8|Any CPU
		{3FE78260-0116-4B22-A6C2-CF130AEA1690}.Android|Any CPU.ActiveCfg = Android|Any CPU
		{3FE78260-0116-4B22-A6C2-CF130AEA1690}.Android|Mixed Platforms.ActiveCfg = Android|Any CPU
		{3FE78260-0116-4B22-A6C2-CF130AEA1690}.Android|x86.ActiveCfg = Android|Any CPU
		{3FE78260-0116-4B22-A6C2-CF130AEA1690}.Debug|Any CPU.ActiveCfg = PSM|Any CPU
		{3FE78260-0116-4B22-A6C2-CF130AEA1690}.Debug|Mixed Platforms.ActiveCfg = PSM|Any CPU
		{3FE78260-0116-4B22-A6C2-CF130AEA1690}.Debug|x86.ActiveCfg = PSM|Any CPU
		{3FE78260-0116-4B22-A6C2-CF130AEA1690}.iOS|Any CPU.ActiveCfg = iOS|Any CPU
		{3FE78260-0116-4B22-A6C2-CF130AEA1690}.iOS|Mixed Platforms.ActiveCfg = iOS|Any CPU
		{3FE78260-0116-4B22-A6C2-CF130AEA1690}.iOS|x86.ActiveCfg = iOS|Any CPU
		{3FE78260-0116-4B22-A6C2-CF130AEA1690}.Linux|Any CPU.ActiveCfg = Linux|Any CPU
		{3FE78260-0116-4B22-A6C2-CF130AEA1690}.Linux|Mixed Platforms.ActiveCfg = Linux|Any CPU
		{3FE78260-0116-4B22-A6C2-CF130AEA1690}.Linux|x86.ActiveCfg = Linux|Any CPU
		{3FE78260-0116-4B22-A6C2-CF130AEA1690}.OSX|Any CPU.ActiveCfg = OSX|Any CPU
		{3FE78260-0116-4B22-A6C2-CF130AEA1690}.OSX|Mixed Platforms.ActiveCfg = OSX|Any CPU
		{3FE78260-0116-4B22-A6C2-CF130AEA1690}.OSX|x86.ActiveCfg = OSX|Any CPU
		{3FE78260-0116-4B22-A6C2-CF130AEA1690}.PSM|Any CPU.ActiveCfg = PSM|Any CPU
		{3FE78260-0116-4B22-A6C2-CF130AEA1690}.PSM|Mixed Platforms.ActiveCfg = PSM|Any CPU
		{3FE78260-0116-4B22-A6C2-CF130AEA1690}.PSM|x86.ActiveCfg = PSM|Any CPU
		{3FE78260-0116-4B22-A6C2-CF130AEA1690}.Release|Any CPU.ActiveCfg = PSM|Any CPU
		{3FE78260-0116-4B22-A6C2-CF130AEA1690}.Release|Mixed Platforms.ActiveCfg = PSM|Any CPU
		{3FE78260-0116-4B22-A6C2-CF130AEA1690}.Release|x86.ActiveCfg = PSM|Any CPU
		{3FE78260-0116-4B22-A6C2-CF130AEA1690}.Windows|Any CPU.ActiveCfg = Windows|Any CPU
		{3FE78260-0116-4B22-A6C2-CF130AEA1690}.Windows|Mixed Platforms.ActiveCfg = Windows|Any CPU
		{3FE78260-0116-4B22-A6C2-CF130AEA1690}.Windows|x86.ActiveCfg = Windows|Any CPU
		{3FE78260-0116-4B22-A6C2-CF130AEA1690}.Windows8|Any CPU.ActiveCfg = Windows8|Any CPU
		{3FE78260-0116-4B22-A6C2-CF130AEA1690}.Windows8|Mixed Platforms.ActiveCfg = Windows8|Any CPU
		{3FE78260-0116-4B22-A6C2-CF130AEA1690}.Windows8|x86.ActiveCfg = Windows8|Any CPU
	EndGlobalSection
	GlobalSection(SolutionProperties) = preSolution
		HideSolutionNode = FALSE
	EndGlobalSection
EndGlobal
